// !$*UTF8*$!
{
	archiveVersion = 1;
	classes = {
	};
	objectVersion = 50;
	objects = {

/* Begin PBXBuildFile section */
		14AB210E530F9DC18508DD15 /* Pods_ANIDESU.framework in Frameworks */ = {isa = PBXBuildFile; fileRef = E56DD8AE1EB56B30C80E496E /* Pods_ANIDESU.framework */; };
		4327141E2212C76800ACDDFF /* AppDelegate.swift in Sources */ = {isa = PBXBuildFile; fileRef = 4327141D2212C76800ACDDFF /* AppDelegate.swift */; };
		432714202212C76800ACDDFF /* ViewController.swift in Sources */ = {isa = PBXBuildFile; fileRef = 4327141F2212C76800ACDDFF /* ViewController.swift */; };
		432714232212C76800ACDDFF /* Main.storyboard in Resources */ = {isa = PBXBuildFile; fileRef = 432714212212C76800ACDDFF /* Main.storyboard */; };
		432714252212C76900ACDDFF /* Assets.xcassets in Resources */ = {isa = PBXBuildFile; fileRef = 432714242212C76900ACDDFF /* Assets.xcassets */; };
		432714282212C76900ACDDFF /* LaunchScreen.storyboard in Resources */ = {isa = PBXBuildFile; fileRef = 432714262212C76900ACDDFF /* LaunchScreen.storyboard */; };
		432714332212C76900ACDDFF /* ANIDESUTests.swift in Sources */ = {isa = PBXBuildFile; fileRef = 432714322212C76900ACDDFF /* ANIDESUTests.swift */; };
		434E186D221FD74E0041432F /* NotoSansThai-Black.ttf in Resources */ = {isa = PBXBuildFile; fileRef = 434E1864221FD6C30041432F /* NotoSansThai-Black.ttf */; };
		434E186E221FD74E0041432F /* NotoSansThai-Bold.ttf in Resources */ = {isa = PBXBuildFile; fileRef = 434E1865221FD6C70041432F /* NotoSansThai-Bold.ttf */; };
		434E186F221FD74E0041432F /* NotoSansThai-ExtraBold.ttf in Resources */ = {isa = PBXBuildFile; fileRef = 434E1866221FD6CA0041432F /* NotoSansThai-ExtraBold.ttf */; };
		434E1870221FD74E0041432F /* NotoSansThai-ExtraLight.ttf in Resources */ = {isa = PBXBuildFile; fileRef = 434E186A221FD6D20041432F /* NotoSansThai-ExtraLight.ttf */; };
		434E1871221FD74E0041432F /* NotoSansThai-Light.ttf in Resources */ = {isa = PBXBuildFile; fileRef = 434E1868221FD6CE0041432F /* NotoSansThai-Light.ttf */; };
		434E1872221FD74E0041432F /* NotoSansThai-Medium.ttf in Resources */ = {isa = PBXBuildFile; fileRef = 434E186C221FD6DA0041432F /* NotoSansThai-Medium.ttf */; };
		434E1873221FD74E0041432F /* NotoSansThai-Regular.ttf in Resources */ = {isa = PBXBuildFile; fileRef = 434E1867221FD6CC0041432F /* NotoSansThai-Regular.ttf */; };
		434E1874221FD74E0041432F /* NotoSansThai-SemiBold.ttf in Resources */ = {isa = PBXBuildFile; fileRef = 434E186B221FD6D60041432F /* NotoSansThai-SemiBold.ttf */; };
		434E1875221FD74E0041432F /* NotoSansThaiUI-Thin.ttf in Resources */ = {isa = PBXBuildFile; fileRef = 434E1869221FD6D00041432F /* NotoSansThaiUI-Thin.ttf */; };
		434E1877221FF3D00041432F /* AnimeDateResponse.swift in Sources */ = {isa = PBXBuildFile; fileRef = 434E1876221FF3CF0041432F /* AnimeDateResponse.swift */; };
		4374DB59221ECCCA0092DA6F /* AnimeHeaderCell.swift in Sources */ = {isa = PBXBuildFile; fileRef = 4374DB57221ECCCA0092DA6F /* AnimeHeaderCell.swift */; };
		4374DB5A221ECCCA0092DA6F /* AnimeHeaderCell.xib in Resources */ = {isa = PBXBuildFile; fileRef = 4374DB58221ECCCA0092DA6F /* AnimeHeaderCell.xib */; };
		4374DB5C221ECDBB0092DA6F /* AnidesuLabel.swift in Sources */ = {isa = PBXBuildFile; fileRef = 4374DB5B221ECDBB0092DA6F /* AnidesuLabel.swift */; };
		4374DB62221ECE2A0092DA6F /* String+LocalizeTableName.swift in Sources */ = {isa = PBXBuildFile; fileRef = 4374DB5E221ECE2A0092DA6F /* String+LocalizeTableName.swift */; };
		4374DB63221ECE2A0092DA6F /* LocalizeSwift.swift in Sources */ = {isa = PBXBuildFile; fileRef = 4374DB5F221ECE2A0092DA6F /* LocalizeSwift.swift */; };
		4374DB64221ECE2A0092DA6F /* String+LocalizeBundle.swift in Sources */ = {isa = PBXBuildFile; fileRef = 4374DB60221ECE2A0092DA6F /* String+LocalizeBundle.swift */; };
		4374DB65221ECE2A0092DA6F /* String+LocalizedBundleTableName.swift in Sources */ = {isa = PBXBuildFile; fileRef = 4374DB61221ECE2A0092DA6F /* String+LocalizedBundleTableName.swift */; };
		4374DB67221ECE730092DA6F /* AnidesuFont.swift in Sources */ = {isa = PBXBuildFile; fileRef = 4374DB66221ECE730092DA6F /* AnidesuFont.swift */; };
		4374DB76221ED8ED0092DA6F /* UIColor+Hex.swift in Sources */ = {isa = PBXBuildFile; fileRef = 4374DB75221ED8ED0092DA6F /* UIColor+Hex.swift */; };
		4374DB78221EDCB80092DA6F /* AnidesuGradientView.swift in Sources */ = {isa = PBXBuildFile; fileRef = 4374DB77221EDCB80092DA6F /* AnidesuGradientView.swift */; };
		437CC220221D26E100F197C8 /* AnimeResponse.swift in Sources */ = {isa = PBXBuildFile; fileRef = 437CC21F221D26E100F197C8 /* AnimeResponse.swift */; };
		437CC222221D279900F197C8 /* AnimePageResponse.swift in Sources */ = {isa = PBXBuildFile; fileRef = 437CC221221D279900F197C8 /* AnimePageResponse.swift */; };
		437CC224221D31C100F197C8 /* AnimeTitleResponse.swift in Sources */ = {isa = PBXBuildFile; fileRef = 437CC223221D31C100F197C8 /* AnimeTitleResponse.swift */; };
		437CC226221D340400F197C8 /* AnimeAiringResponse.swift in Sources */ = {isa = PBXBuildFile; fileRef = 437CC225221D340400F197C8 /* AnimeAiringResponse.swift */; };
		437CC228221D349200F197C8 /* AnimeTagResponse.swift in Sources */ = {isa = PBXBuildFile; fileRef = 437CC227221D349200F197C8 /* AnimeTagResponse.swift */; };
		437CC22A221D357200F197C8 /* AnimeCoverImageResponse.swift in Sources */ = {isa = PBXBuildFile; fileRef = 437CC229221D357200F197C8 /* AnimeCoverImageResponse.swift */; };
		437CC22E221D37BB00F197C8 /* AnimeCoverCell.swift in Sources */ = {isa = PBXBuildFile; fileRef = 437CC22C221D37BB00F197C8 /* AnimeCoverCell.swift */; };
		437CC22F221D37BB00F197C8 /* AnimeCoverCell.xib in Resources */ = {isa = PBXBuildFile; fileRef = 437CC22D221D37BB00F197C8 /* AnimeCoverCell.xib */; };
		437CC233221D396200F197C8 /* AnimeListSectionController.swift in Sources */ = {isa = PBXBuildFile; fileRef = 437CC232221D396200F197C8 /* AnimeListSectionController.swift */; };
		437CC235221D39B700F197C8 /* AnimePageDiffable.swift in Sources */ = {isa = PBXBuildFile; fileRef = 437CC234221D39B700F197C8 /* AnimePageDiffable.swift */; };
		437CC237221D43D900F197C8 /* AnimeDetail.storyboard in Resources */ = {isa = PBXBuildFile; fileRef = 437CC236221D43D900F197C8 /* AnimeDetail.storyboard */; };
		437CC239221D441C00F197C8 /* AnimeDetailViewController.swift in Sources */ = {isa = PBXBuildFile; fileRef = 437CC238221D441C00F197C8 /* AnimeDetailViewController.swift */; };
		4399B0A8221BD3810034F854 /* CreatePostCell.swift in Sources */ = {isa = PBXBuildFile; fileRef = 4399B0A6221BD3800034F854 /* CreatePostCell.swift */; };
		4399B0A9221BD3810034F854 /* CreatePostCell.xib in Resources */ = {isa = PBXBuildFile; fileRef = 4399B0A7221BD3800034F854 /* CreatePostCell.xib */; };
		4399B0AD221BD4C20034F854 /* ImageView+KF+Circular.swift in Sources */ = {isa = PBXBuildFile; fileRef = 4399B0AC221BD4C20034F854 /* ImageView+KF+Circular.swift */; };
		4399B0AF221BDBB50034F854 /* DiscoverAnime.storyboard in Resources */ = {isa = PBXBuildFile; fileRef = 4399B0AE221BDBB50034F854 /* DiscoverAnime.storyboard */; };
		4399B0B2221BDC4D0034F854 /* DiscoverAnimeViewController.swift in Sources */ = {isa = PBXBuildFile; fileRef = 4399B0B1221BDC4D0034F854 /* DiscoverAnimeViewController.swift */; };
		4399B0B4221BF3500034F854 /* BaseTabManViewController.swift in Sources */ = {isa = PBXBuildFile; fileRef = 4399B0B3221BF3500034F854 /* BaseTabManViewController.swift */; };
		4399B0BB221BF4570034F854 /* AnimeSeason.swift in Sources */ = {isa = PBXBuildFile; fileRef = 4399B0BA221BF4570034F854 /* AnimeSeason.swift */; };
		4399B0BD221BF4D70034F854 /* MyAnimeListType.swift in Sources */ = {isa = PBXBuildFile; fileRef = 4399B0BC221BF4D70034F854 /* MyAnimeListType.swift */; };
		4399B0C0221BF5FF0034F854 /* MyAnimeListViewController.swift in Sources */ = {isa = PBXBuildFile; fileRef = 4399B0BF221BF5FF0034F854 /* MyAnimeListViewController.swift */; };
		4399B0C2221BF73D0034F854 /* MyAnimeList.storyboard in Resources */ = {isa = PBXBuildFile; fileRef = 4399B0C1221BF73D0034F854 /* MyAnimeList.storyboard */; };
		4399B0C4221BFA100034F854 /* APIManager.swift in Sources */ = {isa = PBXBuildFile; fileRef = 4399B0C3221BFA100034F854 /* APIManager.swift */; };
		4399B0C6221BFA960034F854 /* BaseResponse.swift in Sources */ = {isa = PBXBuildFile; fileRef = 4399B0C5221BFA960034F854 /* BaseResponse.swift */; };
		4399B0C8221BFAD60034F854 /* BaseRouter.swift in Sources */ = {isa = PBXBuildFile; fileRef = 4399B0C7221BFAD60034F854 /* BaseRouter.swift */; };
		4399B0CA221BFD9F0034F854 /* AnilistRouter.swift in Sources */ = {isa = PBXBuildFile; fileRef = 4399B0C9221BFD9F0034F854 /* AnilistRouter.swift */; };
		4399B0CC221BFF150034F854 /* APIManager+Log.swift in Sources */ = {isa = PBXBuildFile; fileRef = 4399B0CB221BFF150034F854 /* APIManager+Log.swift */; };
		4399B0CF221C01BC0034F854 /* DiscoverAnimeViewModel.swift in Sources */ = {isa = PBXBuildFile; fileRef = 4399B0CE221C01BC0034F854 /* DiscoverAnimeViewModel.swift */; };
		4399B0D1221C02360034F854 /* AnilistManager.swift in Sources */ = {isa = PBXBuildFile; fileRef = 4399B0D0221C02360034F854 /* AnilistManager.swift */; };
		43C393D622212F3C00FDC777 /* AnimeCharacterResponse.swift in Sources */ = {isa = PBXBuildFile; fileRef = 43C393D522212F3C00FDC777 /* AnimeCharacterResponse.swift */; };
		43C393D822212FA200FDC777 /* AnilistNameResponse.swift in Sources */ = {isa = PBXBuildFile; fileRef = 43C393D722212FA200FDC777 /* AnilistNameResponse.swift */; };
		43C393DA2221303A00FDC777 /* AnilistImageResponse.swift in Sources */ = {isa = PBXBuildFile; fileRef = 43C393D92221303A00FDC777 /* AnilistImageResponse.swift */; };
		43C393DC222135AC00FDC777 /* AnimeDetailViewModel.swift in Sources */ = {isa = PBXBuildFile; fileRef = 43C393DB222135AC00FDC777 /* AnimeDetailViewModel.swift */; };
		43E7D31C222258250004B385 /* PostCell.swift in Sources */ = {isa = PBXBuildFile; fileRef = 43E7D31A222258250004B385 /* PostCell.swift */; };
		43E7D31D222258250004B385 /* PostCell.xib in Resources */ = {isa = PBXBuildFile; fileRef = 43E7D31B222258250004B385 /* PostCell.xib */; };
		43E7D31F22225B870004B385 /* GoogleService-Info.plist in Resources */ = {isa = PBXBuildFile; fileRef = 43E7D31E22225B870004B385 /* GoogleService-Info.plist */; };
		43F00B012213FAAE000D9111 /* BaseViewController.swift in Sources */ = {isa = PBXBuildFile; fileRef = 43F00B002213FAAE000D9111 /* BaseViewController.swift */; };
		43F00B062214048C000D9111 /* BaseTabBarViewController.swift in Sources */ = {isa = PBXBuildFile; fileRef = 43F00B052214048C000D9111 /* BaseTabBarViewController.swift */; };
		43F00B09221404FC000D9111 /* AnidesuColor.swift in Sources */ = {isa = PBXBuildFile; fileRef = 43F00B08221404FC000D9111 /* AnidesuColor.swift */; };
		43F00B0D221408BE000D9111 /* Home.storyboard in Resources */ = {isa = PBXBuildFile; fileRef = 43F00B0C221408BE000D9111 /* Home.storyboard */; };
		43F00B1022140920000D9111 /* HomeViewController.swift in Sources */ = {isa = PBXBuildFile; fileRef = 43F00B0F22140920000D9111 /* HomeViewController.swift */; };
		E55823D6BBBB3EA5D12176F2 /* Pods_ANIDESUTests.framework in Frameworks */ = {isa = PBXBuildFile; fileRef = DCA238A31CB35B636529F581 /* Pods_ANIDESUTests.framework */; };
/* End PBXBuildFile section */

/* Begin PBXContainerItemProxy section */
		4327142F2212C76900ACDDFF /* PBXContainerItemProxy */ = {
			isa = PBXContainerItemProxy;
			containerPortal = 432714122212C76800ACDDFF /* Project object */;
			proxyType = 1;
			remoteGlobalIDString = 432714192212C76800ACDDFF;
			remoteInfo = ANIDESU;
		};
/* End PBXContainerItemProxy section */

/* Begin PBXFileReference section */
		3FEF6C9F12515A05702CE9E1 /* Pods-ANIDESU.debug.xcconfig */ = {isa = PBXFileReference; includeInIndex = 1; lastKnownFileType = text.xcconfig; name = "Pods-ANIDESU.debug.xcconfig"; path = "Pods/Target Support Files/Pods-ANIDESU/Pods-ANIDESU.debug.xcconfig"; sourceTree = "<group>"; };
		4327141A2212C76800ACDDFF /* ANIDESU.app */ = {isa = PBXFileReference; explicitFileType = wrapper.application; includeInIndex = 0; path = ANIDESU.app; sourceTree = BUILT_PRODUCTS_DIR; };
		4327141D2212C76800ACDDFF /* AppDelegate.swift */ = {isa = PBXFileReference; lastKnownFileType = sourcecode.swift; path = AppDelegate.swift; sourceTree = "<group>"; };
		4327141F2212C76800ACDDFF /* ViewController.swift */ = {isa = PBXFileReference; lastKnownFileType = sourcecode.swift; path = ViewController.swift; sourceTree = "<group>"; };
		432714222212C76800ACDDFF /* Base */ = {isa = PBXFileReference; lastKnownFileType = file.storyboard; name = Base; path = Base.lproj/Main.storyboard; sourceTree = "<group>"; };
		432714242212C76900ACDDFF /* Assets.xcassets */ = {isa = PBXFileReference; lastKnownFileType = folder.assetcatalog; path = Assets.xcassets; sourceTree = "<group>"; };
		432714272212C76900ACDDFF /* Base */ = {isa = PBXFileReference; lastKnownFileType = file.storyboard; name = Base; path = Base.lproj/LaunchScreen.storyboard; sourceTree = "<group>"; };
		432714292212C76900ACDDFF /* Info.plist */ = {isa = PBXFileReference; lastKnownFileType = text.plist.xml; path = Info.plist; sourceTree = "<group>"; };
		4327142E2212C76900ACDDFF /* ANIDESUTests.xctest */ = {isa = PBXFileReference; explicitFileType = wrapper.cfbundle; includeInIndex = 0; path = ANIDESUTests.xctest; sourceTree = BUILT_PRODUCTS_DIR; };
		432714322212C76900ACDDFF /* ANIDESUTests.swift */ = {isa = PBXFileReference; lastKnownFileType = sourcecode.swift; path = ANIDESUTests.swift; sourceTree = "<group>"; };
		432714342212C76900ACDDFF /* Info.plist */ = {isa = PBXFileReference; lastKnownFileType = text.plist.xml; path = Info.plist; sourceTree = "<group>"; };
		434E1864221FD6C30041432F /* NotoSansThai-Black.ttf */ = {isa = PBXFileReference; lastKnownFileType = file; path = "NotoSansThai-Black.ttf"; sourceTree = "<group>"; };
		434E1865221FD6C70041432F /* NotoSansThai-Bold.ttf */ = {isa = PBXFileReference; lastKnownFileType = file; path = "NotoSansThai-Bold.ttf"; sourceTree = "<group>"; };
		434E1866221FD6CA0041432F /* NotoSansThai-ExtraBold.ttf */ = {isa = PBXFileReference; lastKnownFileType = file; path = "NotoSansThai-ExtraBold.ttf"; sourceTree = "<group>"; };
		434E1867221FD6CC0041432F /* NotoSansThai-Regular.ttf */ = {isa = PBXFileReference; lastKnownFileType = file; path = "NotoSansThai-Regular.ttf"; sourceTree = "<group>"; };
		434E1868221FD6CE0041432F /* NotoSansThai-Light.ttf */ = {isa = PBXFileReference; lastKnownFileType = file; path = "NotoSansThai-Light.ttf"; sourceTree = "<group>"; };
		434E1869221FD6D00041432F /* NotoSansThaiUI-Thin.ttf */ = {isa = PBXFileReference; lastKnownFileType = file; path = "NotoSansThaiUI-Thin.ttf"; sourceTree = "<group>"; };
		434E186A221FD6D20041432F /* NotoSansThai-ExtraLight.ttf */ = {isa = PBXFileReference; lastKnownFileType = file; path = "NotoSansThai-ExtraLight.ttf"; sourceTree = "<group>"; };
		434E186B221FD6D60041432F /* NotoSansThai-SemiBold.ttf */ = {isa = PBXFileReference; lastKnownFileType = file; path = "NotoSansThai-SemiBold.ttf"; sourceTree = "<group>"; };
		434E186C221FD6DA0041432F /* NotoSansThai-Medium.ttf */ = {isa = PBXFileReference; lastKnownFileType = file; path = "NotoSansThai-Medium.ttf"; sourceTree = "<group>"; };
		434E1876221FF3CF0041432F /* AnimeDateResponse.swift */ = {isa = PBXFileReference; lastKnownFileType = sourcecode.swift; path = AnimeDateResponse.swift; sourceTree = "<group>"; };
		4374DB57221ECCCA0092DA6F /* AnimeHeaderCell.swift */ = {isa = PBXFileReference; lastKnownFileType = sourcecode.swift; path = AnimeHeaderCell.swift; sourceTree = "<group>"; };
		4374DB58221ECCCA0092DA6F /* AnimeHeaderCell.xib */ = {isa = PBXFileReference; lastKnownFileType = file.xib; path = AnimeHeaderCell.xib; sourceTree = "<group>"; };
		4374DB5B221ECDBB0092DA6F /* AnidesuLabel.swift */ = {isa = PBXFileReference; lastKnownFileType = sourcecode.swift; path = AnidesuLabel.swift; sourceTree = "<group>"; };
		4374DB5E221ECE2A0092DA6F /* String+LocalizeTableName.swift */ = {isa = PBXFileReference; fileEncoding = 4; lastKnownFileType = sourcecode.swift; path = "String+LocalizeTableName.swift"; sourceTree = "<group>"; };
		4374DB5F221ECE2A0092DA6F /* LocalizeSwift.swift */ = {isa = PBXFileReference; fileEncoding = 4; lastKnownFileType = sourcecode.swift; path = LocalizeSwift.swift; sourceTree = "<group>"; };
		4374DB60221ECE2A0092DA6F /* String+LocalizeBundle.swift */ = {isa = PBXFileReference; fileEncoding = 4; lastKnownFileType = sourcecode.swift; path = "String+LocalizeBundle.swift"; sourceTree = "<group>"; };
		4374DB61221ECE2A0092DA6F /* String+LocalizedBundleTableName.swift */ = {isa = PBXFileReference; fileEncoding = 4; lastKnownFileType = sourcecode.swift; path = "String+LocalizedBundleTableName.swift"; sourceTree = "<group>"; };
		4374DB66221ECE730092DA6F /* AnidesuFont.swift */ = {isa = PBXFileReference; lastKnownFileType = sourcecode.swift; path = AnidesuFont.swift; sourceTree = "<group>"; };
		4374DB75221ED8ED0092DA6F /* UIColor+Hex.swift */ = {isa = PBXFileReference; lastKnownFileType = sourcecode.swift; path = "UIColor+Hex.swift"; sourceTree = "<group>"; };
		4374DB77221EDCB80092DA6F /* AnidesuGradientView.swift */ = {isa = PBXFileReference; lastKnownFileType = sourcecode.swift; path = AnidesuGradientView.swift; sourceTree = "<group>"; };
		437CC21F221D26E100F197C8 /* AnimeResponse.swift */ = {isa = PBXFileReference; lastKnownFileType = sourcecode.swift; path = AnimeResponse.swift; sourceTree = "<group>"; };
		437CC221221D279900F197C8 /* AnimePageResponse.swift */ = {isa = PBXFileReference; lastKnownFileType = sourcecode.swift; path = AnimePageResponse.swift; sourceTree = "<group>"; };
		437CC223221D31C100F197C8 /* AnimeTitleResponse.swift */ = {isa = PBXFileReference; lastKnownFileType = sourcecode.swift; path = AnimeTitleResponse.swift; sourceTree = "<group>"; };
		437CC225221D340400F197C8 /* AnimeAiringResponse.swift */ = {isa = PBXFileReference; lastKnownFileType = sourcecode.swift; path = AnimeAiringResponse.swift; sourceTree = "<group>"; };
		437CC227221D349200F197C8 /* AnimeTagResponse.swift */ = {isa = PBXFileReference; lastKnownFileType = sourcecode.swift; path = AnimeTagResponse.swift; sourceTree = "<group>"; };
		437CC229221D357200F197C8 /* AnimeCoverImageResponse.swift */ = {isa = PBXFileReference; lastKnownFileType = sourcecode.swift; path = AnimeCoverImageResponse.swift; sourceTree = "<group>"; };
		437CC22C221D37BB00F197C8 /* AnimeCoverCell.swift */ = {isa = PBXFileReference; lastKnownFileType = sourcecode.swift; path = AnimeCoverCell.swift; sourceTree = "<group>"; };
		437CC22D221D37BB00F197C8 /* AnimeCoverCell.xib */ = {isa = PBXFileReference; lastKnownFileType = file.xib; path = AnimeCoverCell.xib; sourceTree = "<group>"; };
		437CC232221D396200F197C8 /* AnimeListSectionController.swift */ = {isa = PBXFileReference; lastKnownFileType = sourcecode.swift; path = AnimeListSectionController.swift; sourceTree = "<group>"; };
		437CC234221D39B700F197C8 /* AnimePageDiffable.swift */ = {isa = PBXFileReference; lastKnownFileType = sourcecode.swift; path = AnimePageDiffable.swift; sourceTree = "<group>"; };
		437CC236221D43D900F197C8 /* AnimeDetail.storyboard */ = {isa = PBXFileReference; lastKnownFileType = file.storyboard; path = AnimeDetail.storyboard; sourceTree = "<group>"; };
		437CC238221D441C00F197C8 /* AnimeDetailViewController.swift */ = {isa = PBXFileReference; lastKnownFileType = sourcecode.swift; path = AnimeDetailViewController.swift; sourceTree = "<group>"; };
		4399B0A6221BD3800034F854 /* CreatePostCell.swift */ = {isa = PBXFileReference; lastKnownFileType = sourcecode.swift; path = CreatePostCell.swift; sourceTree = "<group>"; };
		4399B0A7221BD3800034F854 /* CreatePostCell.xib */ = {isa = PBXFileReference; lastKnownFileType = file.xib; path = CreatePostCell.xib; sourceTree = "<group>"; };
		4399B0AC221BD4C20034F854 /* ImageView+KF+Circular.swift */ = {isa = PBXFileReference; lastKnownFileType = sourcecode.swift; path = "ImageView+KF+Circular.swift"; sourceTree = "<group>"; };
		4399B0AE221BDBB50034F854 /* DiscoverAnime.storyboard */ = {isa = PBXFileReference; lastKnownFileType = file.storyboard; path = DiscoverAnime.storyboard; sourceTree = "<group>"; };
		4399B0B1221BDC4D0034F854 /* DiscoverAnimeViewController.swift */ = {isa = PBXFileReference; lastKnownFileType = sourcecode.swift; path = DiscoverAnimeViewController.swift; sourceTree = "<group>"; };
		4399B0B3221BF3500034F854 /* BaseTabManViewController.swift */ = {isa = PBXFileReference; lastKnownFileType = sourcecode.swift; path = BaseTabManViewController.swift; sourceTree = "<group>"; };
		4399B0BA221BF4570034F854 /* AnimeSeason.swift */ = {isa = PBXFileReference; lastKnownFileType = sourcecode.swift; path = AnimeSeason.swift; sourceTree = "<group>"; };
		4399B0BC221BF4D70034F854 /* MyAnimeListType.swift */ = {isa = PBXFileReference; lastKnownFileType = sourcecode.swift; path = MyAnimeListType.swift; sourceTree = "<group>"; };
		4399B0BF221BF5FF0034F854 /* MyAnimeListViewController.swift */ = {isa = PBXFileReference; lastKnownFileType = sourcecode.swift; path = MyAnimeListViewController.swift; sourceTree = "<group>"; };
		4399B0C1221BF73D0034F854 /* MyAnimeList.storyboard */ = {isa = PBXFileReference; lastKnownFileType = file.storyboard; path = MyAnimeList.storyboard; sourceTree = "<group>"; };
		4399B0C3221BFA100034F854 /* APIManager.swift */ = {isa = PBXFileReference; lastKnownFileType = sourcecode.swift; path = APIManager.swift; sourceTree = "<group>"; };
		4399B0C5221BFA960034F854 /* BaseResponse.swift */ = {isa = PBXFileReference; lastKnownFileType = sourcecode.swift; path = BaseResponse.swift; sourceTree = "<group>"; };
		4399B0C7221BFAD60034F854 /* BaseRouter.swift */ = {isa = PBXFileReference; lastKnownFileType = sourcecode.swift; path = BaseRouter.swift; sourceTree = "<group>"; };
		4399B0C9221BFD9F0034F854 /* AnilistRouter.swift */ = {isa = PBXFileReference; lastKnownFileType = sourcecode.swift; path = AnilistRouter.swift; sourceTree = "<group>"; };
		4399B0CB221BFF150034F854 /* APIManager+Log.swift */ = {isa = PBXFileReference; lastKnownFileType = sourcecode.swift; path = "APIManager+Log.swift"; sourceTree = "<group>"; };
		4399B0CE221C01BC0034F854 /* DiscoverAnimeViewModel.swift */ = {isa = PBXFileReference; lastKnownFileType = sourcecode.swift; path = DiscoverAnimeViewModel.swift; sourceTree = "<group>"; };
		4399B0D0221C02360034F854 /* AnilistManager.swift */ = {isa = PBXFileReference; lastKnownFileType = sourcecode.swift; path = AnilistManager.swift; sourceTree = "<group>"; };
		43C393D522212F3C00FDC777 /* AnimeCharacterResponse.swift */ = {isa = PBXFileReference; lastKnownFileType = sourcecode.swift; path = AnimeCharacterResponse.swift; sourceTree = "<group>"; };
		43C393D722212FA200FDC777 /* AnilistNameResponse.swift */ = {isa = PBXFileReference; lastKnownFileType = sourcecode.swift; path = AnilistNameResponse.swift; sourceTree = "<group>"; };
		43C393D92221303A00FDC777 /* AnilistImageResponse.swift */ = {isa = PBXFileReference; lastKnownFileType = sourcecode.swift; path = AnilistImageResponse.swift; sourceTree = "<group>"; };
		43C393DB222135AC00FDC777 /* AnimeDetailViewModel.swift */ = {isa = PBXFileReference; lastKnownFileType = sourcecode.swift; path = AnimeDetailViewModel.swift; sourceTree = "<group>"; };
		43E7D31A222258250004B385 /* PostCell.swift */ = {isa = PBXFileReference; lastKnownFileType = sourcecode.swift; path = PostCell.swift; sourceTree = "<group>"; };
		43E7D31B222258250004B385 /* PostCell.xib */ = {isa = PBXFileReference; lastKnownFileType = file.xib; path = PostCell.xib; sourceTree = "<group>"; };
		43E7D31E22225B870004B385 /* GoogleService-Info.plist */ = {isa = PBXFileReference; fileEncoding = 4; lastKnownFileType = text.plist.xml; path = "GoogleService-Info.plist"; sourceTree = "<group>"; };
		43F00B002213FAAE000D9111 /* BaseViewController.swift */ = {isa = PBXFileReference; lastKnownFileType = sourcecode.swift; path = BaseViewController.swift; sourceTree = "<group>"; };
		43F00B052214048C000D9111 /* BaseTabBarViewController.swift */ = {isa = PBXFileReference; lastKnownFileType = sourcecode.swift; path = BaseTabBarViewController.swift; sourceTree = "<group>"; };
		43F00B08221404FC000D9111 /* AnidesuColor.swift */ = {isa = PBXFileReference; lastKnownFileType = sourcecode.swift; path = AnidesuColor.swift; sourceTree = "<group>"; };
		43F00B0C221408BE000D9111 /* Home.storyboard */ = {isa = PBXFileReference; lastKnownFileType = file.storyboard; path = Home.storyboard; sourceTree = "<group>"; };
		43F00B0F22140920000D9111 /* HomeViewController.swift */ = {isa = PBXFileReference; lastKnownFileType = sourcecode.swift; path = HomeViewController.swift; sourceTree = "<group>"; };
		A15BC62BBB90B614F8454FE6 /* Pods-ANIDESUTests.debug.xcconfig */ = {isa = PBXFileReference; includeInIndex = 1; lastKnownFileType = text.xcconfig; name = "Pods-ANIDESUTests.debug.xcconfig"; path = "Pods/Target Support Files/Pods-ANIDESUTests/Pods-ANIDESUTests.debug.xcconfig"; sourceTree = "<group>"; };
		D1FD0057695ECE1EDDF962F3 /* Pods-ANIDESU.release.xcconfig */ = {isa = PBXFileReference; includeInIndex = 1; lastKnownFileType = text.xcconfig; name = "Pods-ANIDESU.release.xcconfig"; path = "Pods/Target Support Files/Pods-ANIDESU/Pods-ANIDESU.release.xcconfig"; sourceTree = "<group>"; };
		D94239E2C53022FB3278024E /* Pods-ANIDESUTests.release.xcconfig */ = {isa = PBXFileReference; includeInIndex = 1; lastKnownFileType = text.xcconfig; name = "Pods-ANIDESUTests.release.xcconfig"; path = "Pods/Target Support Files/Pods-ANIDESUTests/Pods-ANIDESUTests.release.xcconfig"; sourceTree = "<group>"; };
		DCA238A31CB35B636529F581 /* Pods_ANIDESUTests.framework */ = {isa = PBXFileReference; explicitFileType = wrapper.framework; includeInIndex = 0; path = Pods_ANIDESUTests.framework; sourceTree = BUILT_PRODUCTS_DIR; };
		E56DD8AE1EB56B30C80E496E /* Pods_ANIDESU.framework */ = {isa = PBXFileReference; explicitFileType = wrapper.framework; includeInIndex = 0; path = Pods_ANIDESU.framework; sourceTree = BUILT_PRODUCTS_DIR; };
/* End PBXFileReference section */

/* Begin PBXFrameworksBuildPhase section */
		432714172212C76800ACDDFF /* Frameworks */ = {
			isa = PBXFrameworksBuildPhase;
			buildActionMask = 2147483647;
			files = (
				14AB210E530F9DC18508DD15 /* Pods_ANIDESU.framework in Frameworks */,
			);
			runOnlyForDeploymentPostprocessing = 0;
		};
		4327142B2212C76900ACDDFF /* Frameworks */ = {
			isa = PBXFrameworksBuildPhase;
			buildActionMask = 2147483647;
			files = (
				E55823D6BBBB3EA5D12176F2 /* Pods_ANIDESUTests.framework in Frameworks */,
			);
			runOnlyForDeploymentPostprocessing = 0;
		};
/* End PBXFrameworksBuildPhase section */

/* Begin PBXGroup section */
		10E339F8D2F16C3D94DF5BC6 /* Frameworks */ = {
			isa = PBXGroup;
			children = (
				E56DD8AE1EB56B30C80E496E /* Pods_ANIDESU.framework */,
				DCA238A31CB35B636529F581 /* Pods_ANIDESUTests.framework */,
			);
			name = Frameworks;
			sourceTree = "<group>";
		};
		257560A61280B297B3736F17 /* Pods */ = {
			isa = PBXGroup;
			children = (
				3FEF6C9F12515A05702CE9E1 /* Pods-ANIDESU.debug.xcconfig */,
				D1FD0057695ECE1EDDF962F3 /* Pods-ANIDESU.release.xcconfig */,
				A15BC62BBB90B614F8454FE6 /* Pods-ANIDESUTests.debug.xcconfig */,
				D94239E2C53022FB3278024E /* Pods-ANIDESUTests.release.xcconfig */,
			);
			name = Pods;
			sourceTree = "<group>";
		};
		432714112212C76800ACDDFF = {
			isa = PBXGroup;
			children = (
				4327141C2212C76800ACDDFF /* ANIDESU */,
				43F00AFA2213F9AC000D9111 /* Libs */,
				43F00AFB2213F9B1000D9111 /* Resources */,
				43F00AFE2213F9FE000D9111 /* Supporting Files */,
				432714312212C76900ACDDFF /* ANIDESUTests */,
				4327141B2212C76800ACDDFF /* Products */,
				257560A61280B297B3736F17 /* Pods */,
				10E339F8D2F16C3D94DF5BC6 /* Frameworks */,
			);
			sourceTree = "<group>";
		};
		4327141B2212C76800ACDDFF /* Products */ = {
			isa = PBXGroup;
			children = (
				4327141A2212C76800ACDDFF /* ANIDESU.app */,
				4327142E2212C76900ACDDFF /* ANIDESUTests.xctest */,
			);
			name = Products;
			sourceTree = "<group>";
		};
		4327141C2212C76800ACDDFF /* ANIDESU */ = {
			isa = PBXGroup;
			children = (
				4399B0B9221BF4480034F854 /* Model */,
				43F00B0422140048000D9111 /* View */,
				43F00B0322140043000D9111 /* ViewModel */,
				43F00B022214003D000D9111 /* ViewController */,
				437CC231221D394200F197C8 /* SectionController */,
			);
			path = ANIDESU;
			sourceTree = "<group>";
		};
		432714312212C76900ACDDFF /* ANIDESUTests */ = {
			isa = PBXGroup;
			children = (
				432714322212C76900ACDDFF /* ANIDESUTests.swift */,
				432714342212C76900ACDDFF /* Info.plist */,
			);
			path = ANIDESUTests;
			sourceTree = "<group>";
		};
		4374DB5D221ECE2A0092DA6F /* Localize */ = {
			isa = PBXGroup;
			children = (
				4374DB5E221ECE2A0092DA6F /* String+LocalizeTableName.swift */,
				4374DB5F221ECE2A0092DA6F /* LocalizeSwift.swift */,
				4374DB60221ECE2A0092DA6F /* String+LocalizeBundle.swift */,
				4374DB61221ECE2A0092DA6F /* String+LocalizedBundleTableName.swift */,
			);
			path = Localize;
			sourceTree = "<group>";
		};
		4374DB68221ED0300092DA6F /* Fonts */ = {
			isa = PBXGroup;
			children = (
				434E1864221FD6C30041432F /* NotoSansThai-Black.ttf */,
				434E1865221FD6C70041432F /* NotoSansThai-Bold.ttf */,
				434E1866221FD6CA0041432F /* NotoSansThai-ExtraBold.ttf */,
				434E186A221FD6D20041432F /* NotoSansThai-ExtraLight.ttf */,
				434E1868221FD6CE0041432F /* NotoSansThai-Light.ttf */,
				434E186C221FD6DA0041432F /* NotoSansThai-Medium.ttf */,
				434E1867221FD6CC0041432F /* NotoSansThai-Regular.ttf */,
				434E186B221FD6D60041432F /* NotoSansThai-SemiBold.ttf */,
				434E1869221FD6D00041432F /* NotoSansThaiUI-Thin.ttf */,
			);
			path = Fonts;
			sourceTree = "<group>";
		};
		437CC21E221D268900F197C8 /* ListDiffable */ = {
			isa = PBXGroup;
			children = (
				437CC234221D39B700F197C8 /* AnimePageDiffable.swift */,
			);
			path = ListDiffable;
			sourceTree = "<group>";
		};
		437CC22B221D379D00F197C8 /* DiscoverAnime */ = {
			isa = PBXGroup;
			children = (
				437CC22D221D37BB00F197C8 /* AnimeCoverCell.xib */,
				4374DB58221ECCCA0092DA6F /* AnimeHeaderCell.xib */,
			);
			path = DiscoverAnime;
			sourceTree = "<group>";
		};
		437CC230221D37D400F197C8 /* DiscoverAnime */ = {
			isa = PBXGroup;
			children = (
				437CC22C221D37BB00F197C8 /* AnimeCoverCell.swift */,
				4374DB57221ECCCA0092DA6F /* AnimeHeaderCell.swift */,
			);
			path = DiscoverAnime;
			sourceTree = "<group>";
		};
		437CC231221D394200F197C8 /* SectionController */ = {
			isa = PBXGroup;
			children = (
				437CC232221D396200F197C8 /* AnimeListSectionController.swift */,
			);
			path = SectionController;
			sourceTree = "<group>";
		};
		4399B0A5221BD3660034F854 /* Home */ = {
			isa = PBXGroup;
			children = (
				4399B0A7221BD3800034F854 /* CreatePostCell.xib */,
				43E7D31B222258250004B385 /* PostCell.xib */,
			);
			path = Home;
			sourceTree = "<group>";
		};
		4399B0AA221BD38B0034F854 /* Home */ = {
			isa = PBXGroup;
			children = (
				4399B0A6221BD3800034F854 /* CreatePostCell.swift */,
				43E7D31A222258250004B385 /* PostCell.swift */,
			);
			path = Home;
			sourceTree = "<group>";
		};
		4399B0AB221BD4A10034F854 /* Extension */ = {
			isa = PBXGroup;
			children = (
				4399B0AC221BD4C20034F854 /* ImageView+KF+Circular.swift */,
				4374DB75221ED8ED0092DA6F /* UIColor+Hex.swift */,
			);
			path = Extension;
			sourceTree = "<group>";
		};
		4399B0B0221BDC350034F854 /* DiscoverAnime */ = {
			isa = PBXGroup;
			children = (
				4399B0B1221BDC4D0034F854 /* DiscoverAnimeViewController.swift */,
				437CC238221D441C00F197C8 /* AnimeDetailViewController.swift */,
			);
			path = DiscoverAnime;
			sourceTree = "<group>";
		};
		4399B0B5221BF3E40034F854 /* APIManager */ = {
			isa = PBXGroup;
			children = (
				4399B0B7221BF3FB0034F854 /* Manager */,
				4399B0B6221BF3EF0034F854 /* Router */,
				4399B0B8221BF4040034F854 /* Response */,
			);
			path = APIManager;
			sourceTree = "<group>";
		};
		4399B0B6221BF3EF0034F854 /* Router */ = {
			isa = PBXGroup;
			children = (
				4399B0C7221BFAD60034F854 /* BaseRouter.swift */,
				4399B0C9221BFD9F0034F854 /* AnilistRouter.swift */,
			);
			path = Router;
			sourceTree = "<group>";
		};
		4399B0B7221BF3FB0034F854 /* Manager */ = {
			isa = PBXGroup;
			children = (
				4399B0C3221BFA100034F854 /* APIManager.swift */,
				4399B0CB221BFF150034F854 /* APIManager+Log.swift */,
				4399B0D0221C02360034F854 /* AnilistManager.swift */,
			);
			path = Manager;
			sourceTree = "<group>";
		};
		4399B0B8221BF4040034F854 /* Response */ = {
			isa = PBXGroup;
			children = (
				43E7D32122225C2C0004B385 /* Anilist */,
				43E7D32022225C240004B385 /* Firebase */,
				4399B0C5221BFA960034F854 /* BaseResponse.swift */,
			);
			path = Response;
			sourceTree = "<group>";
		};
		4399B0B9221BF4480034F854 /* Model */ = {
			isa = PBXGroup;
			children = (
				4399B0BA221BF4570034F854 /* AnimeSeason.swift */,
				4399B0BC221BF4D70034F854 /* MyAnimeListType.swift */,
			);
			name = Model;
			path = Models;
			sourceTree = "<group>";
		};
		4399B0BE221BF5C20034F854 /* MyAnimeList */ = {
			isa = PBXGroup;
			children = (
				4399B0BF221BF5FF0034F854 /* MyAnimeListViewController.swift */,
			);
			path = MyAnimeList;
			sourceTree = "<group>";
		};
		43E7D32022225C240004B385 /* Firebase */ = {
			isa = PBXGroup;
			children = (
			);
			path = Firebase;
			sourceTree = "<group>";
		};
		43E7D32122225C2C0004B385 /* Anilist */ = {
			isa = PBXGroup;
			children = (
				437CC21F221D26E100F197C8 /* AnimeResponse.swift */,
				437CC221221D279900F197C8 /* AnimePageResponse.swift */,
				437CC223221D31C100F197C8 /* AnimeTitleResponse.swift */,
				437CC225221D340400F197C8 /* AnimeAiringResponse.swift */,
				437CC227221D349200F197C8 /* AnimeTagResponse.swift */,
				437CC229221D357200F197C8 /* AnimeCoverImageResponse.swift */,
				434E1876221FF3CF0041432F /* AnimeDateResponse.swift */,
				43C393D522212F3C00FDC777 /* AnimeCharacterResponse.swift */,
				43C393D722212FA200FDC777 /* AnilistNameResponse.swift */,
				43C393D92221303A00FDC777 /* AnilistImageResponse.swift */,
			);
			path = Anilist;
			sourceTree = "<group>";
		};
		43F00AFA2213F9AC000D9111 /* Libs */ = {
			isa = PBXGroup;
			children = (
				4399B0B5221BF3E40034F854 /* APIManager */,
				43F00AFF2213FA99000D9111 /* BaseStructure */,
				43F00B07221404E3000D9111 /* Compontent */,
				4399B0AB221BD4A10034F854 /* Extension */,
				437CC21E221D268900F197C8 /* ListDiffable */,
				4374DB5D221ECE2A0092DA6F /* Localize */,
			);
			path = Libs;
			sourceTree = "<group>";
		};
		43F00AFB2213F9B1000D9111 /* Resources */ = {
			isa = PBXGroup;
			children = (
				432714242212C76900ACDDFF /* Assets.xcassets */,
				4374DB68221ED0300092DA6F /* Fonts */,
				43F00AFC2213F9D1000D9111 /* Xibs */,
				43F00AFD2213F9D8000D9111 /* Storyboard */,
			);
			path = Resources;
			sourceTree = "<group>";
		};
		43F00AFC2213F9D1000D9111 /* Xibs */ = {
			isa = PBXGroup;
			children = (
				437CC22B221D379D00F197C8 /* DiscoverAnime */,
				4399B0A5221BD3660034F854 /* Home */,
			);
			path = Xibs;
			sourceTree = "<group>";
		};
		43F00AFD2213F9D8000D9111 /* Storyboard */ = {
			isa = PBXGroup;
			children = (
				4399B0AE221BDBB50034F854 /* DiscoverAnime.storyboard */,
				43F00B0C221408BE000D9111 /* Home.storyboard */,
				432714212212C76800ACDDFF /* Main.storyboard */,
				4399B0C1221BF73D0034F854 /* MyAnimeList.storyboard */,
				432714262212C76900ACDDFF /* LaunchScreen.storyboard */,
				437CC236221D43D900F197C8 /* AnimeDetail.storyboard */,
			);
			path = Storyboard;
			sourceTree = "<group>";
		};
		43F00AFE2213F9FE000D9111 /* Supporting Files */ = {
			isa = PBXGroup;
			children = (
				43E7D31E22225B870004B385 /* GoogleService-Info.plist */,
				4327141D2212C76800ACDDFF /* AppDelegate.swift */,
				4327141F2212C76800ACDDFF /* ViewController.swift */,
				432714292212C76900ACDDFF /* Info.plist */,
			);
			path = "Supporting Files";
			sourceTree = "<group>";
		};
		43F00AFF2213FA99000D9111 /* BaseStructure */ = {
			isa = PBXGroup;
			children = (
				43F00B002213FAAE000D9111 /* BaseViewController.swift */,
				43F00B052214048C000D9111 /* BaseTabBarViewController.swift */,
				4399B0B3221BF3500034F854 /* BaseTabManViewController.swift */,
			);
			path = BaseStructure;
			sourceTree = "<group>";
		};
		43F00B022214003D000D9111 /* ViewController */ = {
			isa = PBXGroup;
			children = (
				4399B0B0221BDC350034F854 /* DiscoverAnime */,
				43F00B0E221408FD000D9111 /* Home */,
				4399B0BE221BF5C20034F854 /* MyAnimeList */,
			);
			path = ViewController;
			sourceTree = "<group>";
		};
		43F00B0322140043000D9111 /* ViewModel */ = {
			isa = PBXGroup;
			children = (
				4399B0CE221C01BC0034F854 /* DiscoverAnimeViewModel.swift */,
				43C393DB222135AC00FDC777 /* AnimeDetailViewModel.swift */,
			);
			path = ViewModel;
			sourceTree = "<group>";
		};
		43F00B0422140048000D9111 /* View */ = {
			isa = PBXGroup;
			children = (
				437CC230221D37D400F197C8 /* DiscoverAnime */,
				4399B0AA221BD38B0034F854 /* Home */,
			);
			path = View;
			sourceTree = "<group>";
		};
		43F00B07221404E3000D9111 /* Compontent */ = {
			isa = PBXGroup;
			children = (
				43F00B08221404FC000D9111 /* AnidesuColor.swift */,
				4374DB5B221ECDBB0092DA6F /* AnidesuLabel.swift */,
				4374DB66221ECE730092DA6F /* AnidesuFont.swift */,
				4374DB77221EDCB80092DA6F /* AnidesuGradientView.swift */,
			);
			path = Compontent;
			sourceTree = "<group>";
		};
		43F00B0E221408FD000D9111 /* Home */ = {
			isa = PBXGroup;
			children = (
				43F00B0F22140920000D9111 /* HomeViewController.swift */,
			);
			path = Home;
			sourceTree = "<group>";
		};
/* End PBXGroup section */

/* Begin PBXNativeTarget section */
		432714192212C76800ACDDFF /* ANIDESU */ = {
			isa = PBXNativeTarget;
			buildConfigurationList = 432714372212C76900ACDDFF /* Build configuration list for PBXNativeTarget "ANIDESU" */;
			buildPhases = (
				B5C180EAD013915320C4651E /* [CP] Check Pods Manifest.lock */,
				432714162212C76800ACDDFF /* Sources */,
				432714172212C76800ACDDFF /* Frameworks */,
				432714182212C76800ACDDFF /* Resources */,
				65EFBAD7D9CAEBCA4532D6FB /* [CP] Embed Pods Frameworks */,
			);
			buildRules = (
			);
			dependencies = (
			);
			name = ANIDESU;
			productName = ANIDESU;
			productReference = 4327141A2212C76800ACDDFF /* ANIDESU.app */;
			productType = "com.apple.product-type.application";
		};
		4327142D2212C76900ACDDFF /* ANIDESUTests */ = {
			isa = PBXNativeTarget;
			buildConfigurationList = 4327143A2212C76900ACDDFF /* Build configuration list for PBXNativeTarget "ANIDESUTests" */;
			buildPhases = (
				01FDEDD7D87FA408FD7B049C /* [CP] Check Pods Manifest.lock */,
				4327142A2212C76900ACDDFF /* Sources */,
				4327142B2212C76900ACDDFF /* Frameworks */,
				4327142C2212C76900ACDDFF /* Resources */,
			);
			buildRules = (
			);
			dependencies = (
				432714302212C76900ACDDFF /* PBXTargetDependency */,
			);
			name = ANIDESUTests;
			productName = ANIDESUTests;
			productReference = 4327142E2212C76900ACDDFF /* ANIDESUTests.xctest */;
			productType = "com.apple.product-type.bundle.unit-test";
		};
/* End PBXNativeTarget section */

/* Begin PBXProject section */
		432714122212C76800ACDDFF /* Project object */ = {
			isa = PBXProject;
			attributes = {
				LastSwiftUpdateCheck = 1010;
				LastUpgradeCheck = 1010;
				ORGANIZATIONNAME = "Wirunpong Jaingamlertwong";
				TargetAttributes = {
					432714192212C76800ACDDFF = {
						CreatedOnToolsVersion = 10.1;
					};
					4327142D2212C76900ACDDFF = {
						CreatedOnToolsVersion = 10.1;
						TestTargetID = 432714192212C76800ACDDFF;
					};
				};
			};
			buildConfigurationList = 432714152212C76800ACDDFF /* Build configuration list for PBXProject "ANIDESU" */;
			compatibilityVersion = "Xcode 9.3";
			developmentRegion = en;
			hasScannedForEncodings = 0;
			knownRegions = (
				en,
				Base,
			);
			mainGroup = 432714112212C76800ACDDFF;
			productRefGroup = 4327141B2212C76800ACDDFF /* Products */;
			projectDirPath = "";
			projectRoot = "";
			targets = (
				432714192212C76800ACDDFF /* ANIDESU */,
				4327142D2212C76900ACDDFF /* ANIDESUTests */,
			);
		};
/* End PBXProject section */

/* Begin PBXResourcesBuildPhase section */
		432714182212C76800ACDDFF /* Resources */ = {
			isa = PBXResourcesBuildPhase;
			buildActionMask = 2147483647;
			files = (
				434E186D221FD74E0041432F /* NotoSansThai-Black.ttf in Resources */,
				434E186E221FD74E0041432F /* NotoSansThai-Bold.ttf in Resources */,
				434E186F221FD74E0041432F /* NotoSansThai-ExtraBold.ttf in Resources */,
				434E1870221FD74E0041432F /* NotoSansThai-ExtraLight.ttf in Resources */,
				434E1871221FD74E0041432F /* NotoSansThai-Light.ttf in Resources */,
				434E1872221FD74E0041432F /* NotoSansThai-Medium.ttf in Resources */,
				434E1873221FD74E0041432F /* NotoSansThai-Regular.ttf in Resources */,
				43E7D31D222258250004B385 /* PostCell.xib in Resources */,
				434E1874221FD74E0041432F /* NotoSansThai-SemiBold.ttf in Resources */,
				434E1875221FD74E0041432F /* NotoSansThaiUI-Thin.ttf in Resources */,
				4399B0C2221BF73D0034F854 /* MyAnimeList.storyboard in Resources */,
				4399B0AF221BDBB50034F854 /* DiscoverAnime.storyboard in Resources */,
				432714282212C76900ACDDFF /* LaunchScreen.storyboard in Resources */,
				4399B0A9221BD3810034F854 /* CreatePostCell.xib in Resources */,
				437CC237221D43D900F197C8 /* AnimeDetail.storyboard in Resources */,
				437CC22F221D37BB00F197C8 /* AnimeCoverCell.xib in Resources */,
				432714252212C76900ACDDFF /* Assets.xcassets in Resources */,
				4374DB5A221ECCCA0092DA6F /* AnimeHeaderCell.xib in Resources */,
				432714232212C76800ACDDFF /* Main.storyboard in Resources */,
				43F00B0D221408BE000D9111 /* Home.storyboard in Resources */,
				43E7D31F22225B870004B385 /* GoogleService-Info.plist in Resources */,
			);
			runOnlyForDeploymentPostprocessing = 0;
		};
		4327142C2212C76900ACDDFF /* Resources */ = {
			isa = PBXResourcesBuildPhase;
			buildActionMask = 2147483647;
			files = (
			);
			runOnlyForDeploymentPostprocessing = 0;
		};
/* End PBXResourcesBuildPhase section */

/* Begin PBXShellScriptBuildPhase section */
		01FDEDD7D87FA408FD7B049C /* [CP] Check Pods Manifest.lock */ = {
			isa = PBXShellScriptBuildPhase;
			buildActionMask = 2147483647;
			files = (
			);
			inputFileListPaths = (
			);
			inputPaths = (
				"${PODS_PODFILE_DIR_PATH}/Podfile.lock",
				"${PODS_ROOT}/Manifest.lock",
			);
			name = "[CP] Check Pods Manifest.lock";
			outputFileListPaths = (
			);
			outputPaths = (
				"$(DERIVED_FILE_DIR)/Pods-ANIDESUTests-checkManifestLockResult.txt",
			);
			runOnlyForDeploymentPostprocessing = 0;
			shellPath = /bin/sh;
			shellScript = "diff \"${PODS_PODFILE_DIR_PATH}/Podfile.lock\" \"${PODS_ROOT}/Manifest.lock\" > /dev/null\nif [ $? != 0 ] ; then\n    # print error to STDERR\n    echo \"error: The sandbox is not in sync with the Podfile.lock. Run 'pod install' or update your CocoaPods installation.\" >&2\n    exit 1\nfi\n# This output is used by Xcode 'outputs' to avoid re-running this script phase.\necho \"SUCCESS\" > \"${SCRIPT_OUTPUT_FILE_0}\"\n";
			showEnvVarsInLog = 0;
		};
		65EFBAD7D9CAEBCA4532D6FB /* [CP] Embed Pods Frameworks */ = {
			isa = PBXShellScriptBuildPhase;
			buildActionMask = 2147483647;
			files = (
			);
			inputFileListPaths = (
			);
			inputPaths = (
				"${SRCROOT}/Pods/Target Support Files/Pods-ANIDESU/Pods-ANIDESU-frameworks.sh",
				"${BUILT_PRODUCTS_DIR}/Alamofire/Alamofire.framework",
				"${BUILT_PRODUCTS_DIR}/Apollo/Apollo.framework",
				"${BUILT_PRODUCTS_DIR}/AutoInsetter/AutoInsetter.framework",
				"${BUILT_PRODUCTS_DIR}/BoringSSL-GRPC/openssl_grpc.framework",
				"${BUILT_PRODUCTS_DIR}/Cosmos/Cosmos.framework",
				"${BUILT_PRODUCTS_DIR}/ESTabBarController-swift/ESTabBarController_swift.framework",
				"${BUILT_PRODUCTS_DIR}/Eureka/Eureka.framework",
				"${BUILT_PRODUCTS_DIR}/GTMSessionFetcher/GTMSessionFetcher.framework",
				"${BUILT_PRODUCTS_DIR}/GoogleUtilities/GoogleUtilities.framework",
				"${BUILT_PRODUCTS_DIR}/Hero/Hero.framework",
				"${BUILT_PRODUCTS_DIR}/IGListKit/IGListKit.framework",
				"${BUILT_PRODUCTS_DIR}/IHKeyboardAvoiding/IHKeyboardAvoiding.framework",
				"${BUILT_PRODUCTS_DIR}/Kingfisher/Kingfisher.framework",
				"${BUILT_PRODUCTS_DIR}/MBProgressHUD/MBProgressHUD.framework",
				"${BUILT_PRODUCTS_DIR}/Pageboy/Pageboy.framework",
				"${BUILT_PRODUCTS_DIR}/Protobuf/Protobuf.framework",
				"${BUILT_PRODUCTS_DIR}/RxAtomic/RxAtomic.framework",
				"${BUILT_PRODUCTS_DIR}/RxCocoa/RxCocoa.framework",
				"${BUILT_PRODUCTS_DIR}/RxSwift/RxSwift.framework",
				"${BUILT_PRODUCTS_DIR}/Tabman/Tabman.framework",
				"${BUILT_PRODUCTS_DIR}/UITextView+Placeholder/UITextView_Placeholder.framework",
				"${BUILT_PRODUCTS_DIR}/WCLShineButton/WCLShineButton.framework",
				"${BUILT_PRODUCTS_DIR}/gRPC-C++/grpcpp.framework",
				"${BUILT_PRODUCTS_DIR}/gRPC-Core/grpc.framework",
				"${BUILT_PRODUCTS_DIR}/leveldb-library/leveldb.framework",
				"${BUILT_PRODUCTS_DIR}/nanopb/nanopb.framework",
			);
			name = "[CP] Embed Pods Frameworks";
			outputFileListPaths = (
			);
			outputPaths = (
				"${TARGET_BUILD_DIR}/${FRAMEWORKS_FOLDER_PATH}/Alamofire.framework",
				"${TARGET_BUILD_DIR}/${FRAMEWORKS_FOLDER_PATH}/Apollo.framework",
				"${TARGET_BUILD_DIR}/${FRAMEWORKS_FOLDER_PATH}/AutoInsetter.framework",
				"${TARGET_BUILD_DIR}/${FRAMEWORKS_FOLDER_PATH}/openssl_grpc.framework",
				"${TARGET_BUILD_DIR}/${FRAMEWORKS_FOLDER_PATH}/Cosmos.framework",
				"${TARGET_BUILD_DIR}/${FRAMEWORKS_FOLDER_PATH}/ESTabBarController_swift.framework",
				"${TARGET_BUILD_DIR}/${FRAMEWORKS_FOLDER_PATH}/Eureka.framework",
				"${TARGET_BUILD_DIR}/${FRAMEWORKS_FOLDER_PATH}/GTMSessionFetcher.framework",
				"${TARGET_BUILD_DIR}/${FRAMEWORKS_FOLDER_PATH}/GoogleUtilities.framework",
				"${TARGET_BUILD_DIR}/${FRAMEWORKS_FOLDER_PATH}/Hero.framework",
				"${TARGET_BUILD_DIR}/${FRAMEWORKS_FOLDER_PATH}/IGListKit.framework",
				"${TARGET_BUILD_DIR}/${FRAMEWORKS_FOLDER_PATH}/IHKeyboardAvoiding.framework",
				"${TARGET_BUILD_DIR}/${FRAMEWORKS_FOLDER_PATH}/Kingfisher.framework",
				"${TARGET_BUILD_DIR}/${FRAMEWORKS_FOLDER_PATH}/MBProgressHUD.framework",
				"${TARGET_BUILD_DIR}/${FRAMEWORKS_FOLDER_PATH}/Pageboy.framework",
				"${TARGET_BUILD_DIR}/${FRAMEWORKS_FOLDER_PATH}/Protobuf.framework",
				"${TARGET_BUILD_DIR}/${FRAMEWORKS_FOLDER_PATH}/RxAtomic.framework",
				"${TARGET_BUILD_DIR}/${FRAMEWORKS_FOLDER_PATH}/RxCocoa.framework",
				"${TARGET_BUILD_DIR}/${FRAMEWORKS_FOLDER_PATH}/RxSwift.framework",
				"${TARGET_BUILD_DIR}/${FRAMEWORKS_FOLDER_PATH}/Tabman.framework",
				"${TARGET_BUILD_DIR}/${FRAMEWORKS_FOLDER_PATH}/UITextView_Placeholder.framework",
				"${TARGET_BUILD_DIR}/${FRAMEWORKS_FOLDER_PATH}/WCLShineButton.framework",
				"${TARGET_BUILD_DIR}/${FRAMEWORKS_FOLDER_PATH}/grpcpp.framework",
				"${TARGET_BUILD_DIR}/${FRAMEWORKS_FOLDER_PATH}/grpc.framework",
				"${TARGET_BUILD_DIR}/${FRAMEWORKS_FOLDER_PATH}/leveldb.framework",
				"${TARGET_BUILD_DIR}/${FRAMEWORKS_FOLDER_PATH}/nanopb.framework",
			);
			runOnlyForDeploymentPostprocessing = 0;
			shellPath = /bin/sh;
			shellScript = "\"${SRCROOT}/Pods/Target Support Files/Pods-ANIDESU/Pods-ANIDESU-frameworks.sh\"\n";
			showEnvVarsInLog = 0;
		};
		B5C180EAD013915320C4651E /* [CP] Check Pods Manifest.lock */ = {
			isa = PBXShellScriptBuildPhase;
			buildActionMask = 2147483647;
			files = (
			);
			inputFileListPaths = (
			);
			inputPaths = (
				"${PODS_PODFILE_DIR_PATH}/Podfile.lock",
				"${PODS_ROOT}/Manifest.lock",
			);
			name = "[CP] Check Pods Manifest.lock";
			outputFileListPaths = (
			);
			outputPaths = (
				"$(DERIVED_FILE_DIR)/Pods-ANIDESU-checkManifestLockResult.txt",
			);
			runOnlyForDeploymentPostprocessing = 0;
			shellPath = /bin/sh;
			shellScript = "diff \"${PODS_PODFILE_DIR_PATH}/Podfile.lock\" \"${PODS_ROOT}/Manifest.lock\" > /dev/null\nif [ $? != 0 ] ; then\n    # print error to STDERR\n    echo \"error: The sandbox is not in sync with the Podfile.lock. Run 'pod install' or update your CocoaPods installation.\" >&2\n    exit 1\nfi\n# This output is used by Xcode 'outputs' to avoid re-running this script phase.\necho \"SUCCESS\" > \"${SCRIPT_OUTPUT_FILE_0}\"\n";
			showEnvVarsInLog = 0;
		};
/* End PBXShellScriptBuildPhase section */

/* Begin PBXSourcesBuildPhase section */
		432714162212C76800ACDDFF /* Sources */ = {
			isa = PBXSourcesBuildPhase;
			buildActionMask = 2147483647;
			files = (
				4399B0C6221BFA960034F854 /* BaseResponse.swift in Sources */,
				432714202212C76800ACDDFF /* ViewController.swift in Sources */,
				4374DB62221ECE2A0092DA6F /* String+LocalizeTableName.swift in Sources */,
				437CC228221D349200F197C8 /* AnimeTagResponse.swift in Sources */,
				437CC222221D279900F197C8 /* AnimePageResponse.swift in Sources */,
				4399B0A8221BD3810034F854 /* CreatePostCell.swift in Sources */,
				43C393DC222135AC00FDC777 /* AnimeDetailViewModel.swift in Sources */,
				437CC235221D39B700F197C8 /* AnimePageDiffable.swift in Sources */,
				4327141E2212C76800ACDDFF /* AppDelegate.swift in Sources */,
				4399B0BB221BF4570034F854 /* AnimeSeason.swift in Sources */,
				437CC224221D31C100F197C8 /* AnimeTitleResponse.swift in Sources */,
				4399B0CF221C01BC0034F854 /* DiscoverAnimeViewModel.swift in Sources */,
				43C393D622212F3C00FDC777 /* AnimeCharacterResponse.swift in Sources */,
				43F00B012213FAAE000D9111 /* BaseViewController.swift in Sources */,
				43E7D31C222258250004B385 /* PostCell.swift in Sources */,
				4399B0B4221BF3500034F854 /* BaseTabManViewController.swift in Sources */,
				437CC239221D441C00F197C8 /* AnimeDetailViewController.swift in Sources */,
				437CC22A221D357200F197C8 /* AnimeCoverImageResponse.swift in Sources */,
				4399B0C4221BFA100034F854 /* APIManager.swift in Sources */,
				437CC22E221D37BB00F197C8 /* AnimeCoverCell.swift in Sources */,
				434E1877221FF3D00041432F /* AnimeDateResponse.swift in Sources */,
				4399B0C8221BFAD60034F854 /* BaseRouter.swift in Sources */,
				4399B0CA221BFD9F0034F854 /* AnilistRouter.swift in Sources */,
				4399B0BD221BF4D70034F854 /* MyAnimeListType.swift in Sources */,
				4374DB65221ECE2A0092DA6F /* String+LocalizedBundleTableName.swift in Sources */,
				43F00B09221404FC000D9111 /* AnidesuColor.swift in Sources */,
				4374DB64221ECE2A0092DA6F /* String+LocalizeBundle.swift in Sources */,
				4374DB59221ECCCA0092DA6F /* AnimeHeaderCell.swift in Sources */,
				43F00B062214048C000D9111 /* BaseTabBarViewController.swift in Sources */,
				4374DB5C221ECDBB0092DA6F /* AnidesuLabel.swift in Sources */,
				4374DB78221EDCB80092DA6F /* AnidesuGradientView.swift in Sources */,
				4374DB63221ECE2A0092DA6F /* LocalizeSwift.swift in Sources */,
				4399B0D1221C02360034F854 /* AnilistManager.swift in Sources */,
				437CC233221D396200F197C8 /* AnimeListSectionController.swift in Sources */,
				43F00B1022140920000D9111 /* HomeViewController.swift in Sources */,
				437CC220221D26E100F197C8 /* AnimeResponse.swift in Sources */,
				43C393DA2221303A00FDC777 /* AnilistImageResponse.swift in Sources */,
				43C393D822212FA200FDC777 /* AnilistNameResponse.swift in Sources */,
				4399B0C0221BF5FF0034F854 /* MyAnimeListViewController.swift in Sources */,
				4399B0AD221BD4C20034F854 /* ImageView+KF+Circular.swift in Sources */,
				4374DB76221ED8ED0092DA6F /* UIColor+Hex.swift in Sources */,
				4374DB67221ECE730092DA6F /* AnidesuFont.swift in Sources */,
				4399B0B2221BDC4D0034F854 /* DiscoverAnimeViewController.swift in Sources */,
				4399B0CC221BFF150034F854 /* APIManager+Log.swift in Sources */,
				437CC226221D340400F197C8 /* AnimeAiringResponse.swift in Sources */,
			);
			runOnlyForDeploymentPostprocessing = 0;
		};
		4327142A2212C76900ACDDFF /* Sources */ = {
			isa = PBXSourcesBuildPhase;
			buildActionMask = 2147483647;
			files = (
				432714332212C76900ACDDFF /* ANIDESUTests.swift in Sources */,
			);
			runOnlyForDeploymentPostprocessing = 0;
		};
/* End PBXSourcesBuildPhase section */

/* Begin PBXTargetDependency section */
		432714302212C76900ACDDFF /* PBXTargetDependency */ = {
			isa = PBXTargetDependency;
			target = 432714192212C76800ACDDFF /* ANIDESU */;
			targetProxy = 4327142F2212C76900ACDDFF /* PBXContainerItemProxy */;
		};
/* End PBXTargetDependency section */

/* Begin PBXVariantGroup section */
		432714212212C76800ACDDFF /* Main.storyboard */ = {
			isa = PBXVariantGroup;
			children = (
				432714222212C76800ACDDFF /* Base */,
			);
			name = Main.storyboard;
			sourceTree = "<group>";
		};
		432714262212C76900ACDDFF /* LaunchScreen.storyboard */ = {
			isa = PBXVariantGroup;
			children = (
				432714272212C76900ACDDFF /* Base */,
			);
			name = LaunchScreen.storyboard;
			sourceTree = "<group>";
		};
/* End PBXVariantGroup section */

/* Begin XCBuildConfiguration section */
		432714352212C76900ACDDFF /* Debug */ = {
			isa = XCBuildConfiguration;
			buildSettings = {
				ALWAYS_SEARCH_USER_PATHS = NO;
				CLANG_ANALYZER_NONNULL = YES;
				CLANG_ANALYZER_NUMBER_OBJECT_CONVERSION = YES_AGGRESSIVE;
				CLANG_CXX_LANGUAGE_STANDARD = "gnu++14";
				CLANG_CXX_LIBRARY = "libc++";
				CLANG_ENABLE_MODULES = YES;
				CLANG_ENABLE_OBJC_ARC = YES;
				CLANG_ENABLE_OBJC_WEAK = YES;
				CLANG_WARN_BLOCK_CAPTURE_AUTORELEASING = YES;
				CLANG_WARN_BOOL_CONVERSION = YES;
				CLANG_WARN_COMMA = YES;
				CLANG_WARN_CONSTANT_CONVERSION = YES;
				CLANG_WARN_DEPRECATED_OBJC_IMPLEMENTATIONS = YES;
				CLANG_WARN_DIRECT_OBJC_ISA_USAGE = YES_ERROR;
				CLANG_WARN_DOCUMENTATION_COMMENTS = YES;
				CLANG_WARN_EMPTY_BODY = YES;
				CLANG_WARN_ENUM_CONVERSION = YES;
				CLANG_WARN_INFINITE_RECURSION = YES;
				CLANG_WARN_INT_CONVERSION = YES;
				CLANG_WARN_NON_LITERAL_NULL_CONVERSION = YES;
				CLANG_WARN_OBJC_IMPLICIT_RETAIN_SELF = YES;
				CLANG_WARN_OBJC_LITERAL_CONVERSION = YES;
				CLANG_WARN_OBJC_ROOT_CLASS = YES_ERROR;
				CLANG_WARN_RANGE_LOOP_ANALYSIS = YES;
				CLANG_WARN_STRICT_PROTOTYPES = YES;
				CLANG_WARN_SUSPICIOUS_MOVE = YES;
				CLANG_WARN_UNGUARDED_AVAILABILITY = YES_AGGRESSIVE;
				CLANG_WARN_UNREACHABLE_CODE = YES;
				CLANG_WARN__DUPLICATE_METHOD_MATCH = YES;
				CODE_SIGN_IDENTITY = "iPhone Developer";
				COPY_PHASE_STRIP = NO;
				DEBUG_INFORMATION_FORMAT = dwarf;
				ENABLE_STRICT_OBJC_MSGSEND = YES;
				ENABLE_TESTABILITY = YES;
				GCC_C_LANGUAGE_STANDARD = gnu11;
				GCC_DYNAMIC_NO_PIC = NO;
				GCC_NO_COMMON_BLOCKS = YES;
				GCC_OPTIMIZATION_LEVEL = 0;
				GCC_PREPROCESSOR_DEFINITIONS = (
					"DEBUG=1",
					"$(inherited)",
				);
				GCC_WARN_64_TO_32_BIT_CONVERSION = YES;
				GCC_WARN_ABOUT_RETURN_TYPE = YES_ERROR;
				GCC_WARN_UNDECLARED_SELECTOR = YES;
				GCC_WARN_UNINITIALIZED_AUTOS = YES_AGGRESSIVE;
				GCC_WARN_UNUSED_FUNCTION = YES;
				GCC_WARN_UNUSED_VARIABLE = YES;
				IPHONEOS_DEPLOYMENT_TARGET = 12.1;
				MTL_ENABLE_DEBUG_INFO = INCLUDE_SOURCE;
				MTL_FAST_MATH = YES;
				ONLY_ACTIVE_ARCH = YES;
				SDKROOT = iphoneos;
				SWIFT_ACTIVE_COMPILATION_CONDITIONS = DEBUG;
				SWIFT_OPTIMIZATION_LEVEL = "-Onone";
			};
			name = Debug;
		};
		432714362212C76900ACDDFF /* Release */ = {
			isa = XCBuildConfiguration;
			buildSettings = {
				ALWAYS_SEARCH_USER_PATHS = NO;
				CLANG_ANALYZER_NONNULL = YES;
				CLANG_ANALYZER_NUMBER_OBJECT_CONVERSION = YES_AGGRESSIVE;
				CLANG_CXX_LANGUAGE_STANDARD = "gnu++14";
				CLANG_CXX_LIBRARY = "libc++";
				CLANG_ENABLE_MODULES = YES;
				CLANG_ENABLE_OBJC_ARC = YES;
				CLANG_ENABLE_OBJC_WEAK = YES;
				CLANG_WARN_BLOCK_CAPTURE_AUTORELEASING = YES;
				CLANG_WARN_BOOL_CONVERSION = YES;
				CLANG_WARN_COMMA = YES;
				CLANG_WARN_CONSTANT_CONVERSION = YES;
				CLANG_WARN_DEPRECATED_OBJC_IMPLEMENTATIONS = YES;
				CLANG_WARN_DIRECT_OBJC_ISA_USAGE = YES_ERROR;
				CLANG_WARN_DOCUMENTATION_COMMENTS = YES;
				CLANG_WARN_EMPTY_BODY = YES;
				CLANG_WARN_ENUM_CONVERSION = YES;
				CLANG_WARN_INFINITE_RECURSION = YES;
				CLANG_WARN_INT_CONVERSION = YES;
				CLANG_WARN_NON_LITERAL_NULL_CONVERSION = YES;
				CLANG_WARN_OBJC_IMPLICIT_RETAIN_SELF = YES;
				CLANG_WARN_OBJC_LITERAL_CONVERSION = YES;
				CLANG_WARN_OBJC_ROOT_CLASS = YES_ERROR;
				CLANG_WARN_RANGE_LOOP_ANALYSIS = YES;
				CLANG_WARN_STRICT_PROTOTYPES = YES;
				CLANG_WARN_SUSPICIOUS_MOVE = YES;
				CLANG_WARN_UNGUARDED_AVAILABILITY = YES_AGGRESSIVE;
				CLANG_WARN_UNREACHABLE_CODE = YES;
				CLANG_WARN__DUPLICATE_METHOD_MATCH = YES;
				CODE_SIGN_IDENTITY = "iPhone Developer";
				COPY_PHASE_STRIP = NO;
				DEBUG_INFORMATION_FORMAT = "dwarf-with-dsym";
				ENABLE_NS_ASSERTIONS = NO;
				ENABLE_STRICT_OBJC_MSGSEND = YES;
				GCC_C_LANGUAGE_STANDARD = gnu11;
				GCC_NO_COMMON_BLOCKS = YES;
				GCC_WARN_64_TO_32_BIT_CONVERSION = YES;
				GCC_WARN_ABOUT_RETURN_TYPE = YES_ERROR;
				GCC_WARN_UNDECLARED_SELECTOR = YES;
				GCC_WARN_UNINITIALIZED_AUTOS = YES_AGGRESSIVE;
				GCC_WARN_UNUSED_FUNCTION = YES;
				GCC_WARN_UNUSED_VARIABLE = YES;
				IPHONEOS_DEPLOYMENT_TARGET = 12.1;
				MTL_ENABLE_DEBUG_INFO = NO;
				MTL_FAST_MATH = YES;
				SDKROOT = iphoneos;
				SWIFT_COMPILATION_MODE = wholemodule;
				SWIFT_OPTIMIZATION_LEVEL = "-O";
				VALIDATE_PRODUCT = YES;
			};
			name = Release;
		};
		432714382212C76900ACDDFF /* Debug */ = {
			isa = XCBuildConfiguration;
			baseConfigurationReference = 3FEF6C9F12515A05702CE9E1 /* Pods-ANIDESU.debug.xcconfig */;
			buildSettings = {
				ASSETCATALOG_COMPILER_APPICON_NAME = AppIcon;
				CODE_SIGN_STYLE = Automatic;
				DEVELOPMENT_TEAM = CHK5JYM245;
				INFOPLIST_FILE = "$(SRCROOT)/Supporting Files/Info.plist";
				LD_RUNPATH_SEARCH_PATHS = (
					"$(inherited)",
					"@executable_path/Frameworks",
				);
				PRODUCT_BUNDLE_IDENTIFIER = com.bellkung.ANIDESU;
				PRODUCT_NAME = "$(TARGET_NAME)";
				SWIFT_VERSION = 4.2;
				TARGETED_DEVICE_FAMILY = "1,2";
			};
			name = Debug;
		};
		432714392212C76900ACDDFF /* Release */ = {
			isa = XCBuildConfiguration;
			baseConfigurationReference = D1FD0057695ECE1EDDF962F3 /* Pods-ANIDESU.release.xcconfig */;
			buildSettings = {
				ASSETCATALOG_COMPILER_APPICON_NAME = AppIcon;
				CODE_SIGN_STYLE = Automatic;
				DEVELOPMENT_TEAM = CHK5JYM245;
				INFOPLIST_FILE = "$(SRCROOT)/Supporting Files/Info.plist";
				LD_RUNPATH_SEARCH_PATHS = (
					"$(inherited)",
					"@executable_path/Frameworks",
				);
				PRODUCT_BUNDLE_IDENTIFIER = com.bellkung.ANIDESU;
				PRODUCT_NAME = "$(TARGET_NAME)";
				SWIFT_VERSION = 4.2;
				TARGETED_DEVICE_FAMILY = "1,2";
			};
			name = Release;
		};
		4327143B2212C76900ACDDFF /* Debug */ = {
			isa = XCBuildConfiguration;
			baseConfigurationReference = A15BC62BBB90B614F8454FE6 /* Pods-ANIDESUTests.debug.xcconfig */;
			buildSettings = {
				ALWAYS_EMBED_SWIFT_STANDARD_LIBRARIES = YES;
				BUNDLE_LOADER = "$(TEST_HOST)";
				CODE_SIGN_STYLE = Automatic;
				DEVELOPMENT_TEAM = CHK5JYM245;
				INFOPLIST_FILE = ANIDESUTests/Info.plist;
				LD_RUNPATH_SEARCH_PATHS = (
					"$(inherited)",
					"@executable_path/Frameworks",
					"@loader_path/Frameworks",
				);
				PRODUCT_BUNDLE_IDENTIFIER = bellkung.ANIDESUTests;
				PRODUCT_NAME = "$(TARGET_NAME)";
				SWIFT_VERSION = 4.2;
				TARGETED_DEVICE_FAMILY = "1,2";
				TEST_HOST = "$(BUILT_PRODUCTS_DIR)/ANIDESU.app/ANIDESU";
			};
			name = Debug;
		};
		4327143C2212C76900ACDDFF /* Release */ = {
			isa = XCBuildConfiguration;
			baseConfigurationReference = D94239E2C53022FB3278024E /* Pods-ANIDESUTests.release.xcconfig */;
			buildSettings = {
				ALWAYS_EMBED_SWIFT_STANDARD_LIBRARIES = YES;
				BUNDLE_LOADER = "$(TEST_HOST)";
				CODE_SIGN_STYLE = Automatic;
				DEVELOPMENT_TEAM = CHK5JYM245;
				INFOPLIST_FILE = ANIDESUTests/Info.plist;
				LD_RUNPATH_SEARCH_PATHS = (
					"$(inherited)",
					"@executable_path/Frameworks",
					"@loader_path/Frameworks",
				);
				PRODUCT_BUNDLE_IDENTIFIER = bellkung.ANIDESUTests;
				PRODUCT_NAME = "$(TARGET_NAME)";
				SWIFT_VERSION = 4.2;
				TARGETED_DEVICE_FAMILY = "1,2";
				TEST_HOST = "$(BUILT_PRODUCTS_DIR)/ANIDESU.app/ANIDESU";
			};
			name = Release;
		};
/* End XCBuildConfiguration section */

/* Begin XCConfigurationList section */
		432714152212C76800ACDDFF /* Build configuration list for PBXProject "ANIDESU" */ = {
			isa = XCConfigurationList;
			buildConfigurations = (
				432714352212C76900ACDDFF /* Debug */,
				432714362212C76900ACDDFF /* Release */,
			);
			defaultConfigurationIsVisible = 0;
			defaultConfigurationName = Release;
		};
		432714372212C76900ACDDFF /* Build configuration list for PBXNativeTarget "ANIDESU" */ = {
			isa = XCConfigurationList;
			buildConfigurations = (
				432714382212C76900ACDDFF /* Debug */,
				432714392212C76900ACDDFF /* Release */,
			);
			defaultConfigurationIsVisible = 0;
			defaultConfigurationName = Release;
		};
		4327143A2212C76900ACDDFF /* Build configuration list for PBXNativeTarget "ANIDESUTests" */ = {
			isa = XCConfigurationList;
			buildConfigurations = (
				4327143B2212C76900ACDDFF /* Debug */,
				4327143C2212C76900ACDDFF /* Release */,
			);
			defaultConfigurationIsVisible = 0;
			defaultConfigurationName = Release;
		};
/* End XCConfigurationList section */
	};
	rootObject = 432714122212C76800ACDDFF /* Project object */;
}
